
Microsoft Visual Studio Solution File, Format Version 11.00
# Visual Studio 2010
Project("{8BC9CEB8-8B4A-11D0-8D11-00A0C91BC942}") = "3dsfrc", "3dsfrc.vcxproj", "{7B1FBC35-729B-4DDB-92F2-FDF2D5A8F115}"
EndProject
Global
	GlobalSection(SolutionConfigurationPlatforms) = preSolution
		Debug|Win32 = Debug|Win32
		Release|Win32 = Release|Win32
	EndGlobalSection
	GlobalSection(ProjectConfigurationPlatforms) = postSolution
		{7B1FBC35-729B-4DDB-92F2-FDF2D5A8F115}.Debug|Win32.ActiveCfg = Debug|Win32
		{7B1FBC35-729B-4DDB-92F2-FDF2D5A8F115}.Debug|Win32.Build.0 = Debug|Win32
		{7B1FBC35-729B-4DDB-92F2-FDF2D5A8F115}.Release|Win32.ActiveCfg = Release|Win32
		{7B1FBC35-729B-4DDB-92F2-FDF2D5A8F115}.Release|Win32.Build.0 = Release|Win32
	EndGlobalSection
	GlobalSection(SolutionProperties) = preSolution
		HideSolutionNode = FALSE
	EndGlobalSection
EndGlobal
